{
    "_readme": [
        "This file locks the dependencies of your project to a known state",
        "Read more about it at https://getcomposer.org/doc/01-basic-usage.md#installing-dependencies",
        "This file is @generated automatically"
    ],
    "content-hash": "9da33bd285430fb1518dafcf08d5fe8a",
    "packages": [
        {
            "name": "kelvinmo/simplejwt",
            "version": "v0.3.0",
            "source": {
                "type": "git",
                "url": "https://github.com/kelvinmo/simplejwt.git",
                "reference": "99d18a0cd9e3de975f0d7f24e7845b55b74312db"
            },
            "dist": {
                "type": "zip",
                "url": "https://api.github.com/repos/kelvinmo/simplejwt/zipball/99d18a0cd9e3de975f0d7f24e7845b55b74312db",
                "reference": "99d18a0cd9e3de975f0d7f24e7845b55b74312db",
                "shasum": ""
            },
            "require": {
                "ext-hash": "*",
                "ext-openssl": "*",
                "php": ">=5.4.0"
            },
            "require-dev": {
                "ext-bz2": "*",
                "ext-phar": "*",
                "phing/phing": "2.*",
                "phpunit/phpunit": "4.*",
                "symfony/console": "2.7.*"
            },
            "bin": [
                "bin/jwkstool.phar"
            ],
            "type": "library",
            "autoload": {
                "psr-4": {
                    "SimpleJWT\\": "src/SimpleJWT"
                }
            },
            "notification-url": "https://packagist.org/downloads/",
            "license": [
                "BSD-3-Clause"
            ],
            "authors": [
                {
                    "name": "Kelvin Mo",
                    "email": "kmo@users.sourceforge.net"
                }
            ],
            "description": "An simple JSON Web Token library for PHP.",
            "homepage": "https://github.com/kelvinmo/simplejwt",
            "keywords": [
                "JOSE",
                "JWE",
                "jwt"
            ],
            "support": {
                "issues": "https://github.com/kelvinmo/simplejwt/issues",
                "source": "https://github.com/kelvinmo/simplejwt/tree/v0.3.0"
            },
            "time": "2020-06-15T21:47:11+00:00"
        }
    ],
    "packages-dev": [],
    "aliases": [],
    "minimum-stability": "stable",
    "stability-flags": [],
    "prefer-stable": false,
    "prefer-lowest": false,
    "platform": [],
    "platform-dev": [],
    "plugin-api-version": "2.0.0"
}
